<?xml version="1.0" encoding="utf-8"?>
<Project ToolsVersion="4.0" xmlns="http://schemas.microsoft.com/developer/msbuild/2003">
  <ItemGroup>
    <Filter Include="ソース ファイル">
      <UniqueIdentifier>{4FC737F1-C7A5-4376-A066-2A32D752A2FF}</UniqueIdentifier>
      <Extensions>cpp;c;cc;cxx;def;odl;idl;hpj;bat;asm;asmx</Extensions>
    </Filter>
    <Filter Include="ヘッダー ファイル">
      <UniqueIdentifier>{93995380-89BD-4b04-88EB-625FBE52EBFB}</UniqueIdentifier>
      <Extensions>h;hh;hpp;hxx;hm;inl;inc;xsd</Extensions>
    </Filter>
    <Filter Include="リソース ファイル">
      <UniqueIdentifier>{67DA6AB6-F800-4c08-8B7A-83BB121AAD01}</UniqueIdentifier>
      <Extensions>rc;ico;cur;bmp;dlg;rc2;rct;bin;rgs;gif;jpg;jpeg;jpe;resx;tiff;tif;png;wav;mfcribbon-ms</Extensions>
    </Filter>
    <Filter Include="MyLib">
      <UniqueIdentifier>{c4b38880-4649-40bd-b21d-0b3564d6aed5}</UniqueIdentifier>
    </Filter>
    <Filter Include="ai">
      <UniqueIdentifier>{e0e81042-34a0-4378-b6d0-47c6a04acefb}</UniqueIdentifier>
    </Filter>
  </ItemGroup>
  <ItemGroup>
    <Text Include="Text.txt">
      <Filter>リソース ファイル</Filter>
    </Text>
    <Text Include="Text1.txt">
      <Filter>リソース ファイル</Filter>
    </Text>
  </ItemGroup>
  <ItemGroup>
    <ClCompile Include="BattleMenu.cpp">
      <Filter>ソース ファイル</Filter>
    </ClCompile>
    <ClCompile Include="CAI_ACT_Combo.cpp">
      <Filter>ソース ファイル</Filter>
    </ClCompile>
    <ClCompile Include="CAI_ACT_UsageCombo.cpp">
      <Filter>ソース ファイル</Filter>
    </ClCompile>
    <ClCompile Include="CChaEndan.cpp">
      <Filter>ソース ファイル</Filter>
    </ClCompile>
    <ClCompile Include="CChaRibbon.cpp">
      <Filter>ソース ファイル</Filter>
    </ClCompile>
    <ClCompile Include="CharaSelBack.cpp">
      <Filter>ソース ファイル</Filter>
    </ClCompile>
    <ClCompile Include="CharaSelCut.cpp">
      <Filter>ソース ファイル</Filter>
    </ClCompile>
    <ClCompile Include="CharaSelMenu.cpp">
      <Filter>ソース ファイル</Filter>
    </ClCompile>
    <ClCompile Include="CharaSelPuchi.cpp">
      <Filter>ソース ファイル</Filter>
    </ClCompile>
    <ClCompile Include="CLIB_Action.cpp">
      <Filter>ソース ファイル</Filter>
    </ClCompile>
    <ClCompile Include="CpuPlayer.cpp">
      <Filter>ソース ファイル</Filter>
    </ClCompile>
    <ClCompile Include="d3dmain.cpp">
      <Filter>ソース ファイル</Filter>
    </ClCompile>
    <ClCompile Include="DsoundMain.cpp">
      <Filter>ソース ファイル</Filter>
    </ClCompile>
    <ClCompile Include="EffAction01.cpp">
      <Filter>ソース ファイル</Filter>
    </ClCompile>
    <ClCompile Include="EffAction02.cpp">
      <Filter>ソース ファイル</Filter>
    </ClCompile>
    <ClCompile Include="EffAction02_1.cpp">
      <Filter>ソース ファイル</Filter>
    </ClCompile>
    <ClCompile Include="EffAction02_2.cpp">
      <Filter>ソース ファイル</Filter>
    </ClCompile>
    <ClCompile Include="EffAction003.cpp">
      <Filter>ソース ファイル</Filter>
    </ClCompile>
    <ClCompile Include="EffAttack001.cpp">
      <Filter>ソース ファイル</Filter>
    </ClCompile>
    <ClCompile Include="EffectManager.cpp">
      <Filter>ソース ファイル</Filter>
    </ClCompile>
    <ClCompile Include="EffGuard001.cpp">
      <Filter>ソース ファイル</Filter>
    </ClCompile>
    <ClCompile Include="EffHit001.cpp">
      <Filter>ソース ファイル</Filter>
    </ClCompile>
    <ClCompile Include="EffHit002.cpp">
      <Filter>ソース ファイル</Filter>
    </ClCompile>
    <ClCompile Include="EffHit003.cpp">
      <Filter>ソース ファイル</Filter>
    </ClCompile>
    <ClCompile Include="EffHit004.cpp">
      <Filter>ソース ファイル</Filter>
    </ClCompile>
    <ClCompile Include="EffHit004_1.cpp">
      <Filter>ソース ファイル</Filter>
    </ClCompile>
    <ClCompile Include="EffHit004_2.cpp">
      <Filter>ソース ファイル</Filter>
    </ClCompile>
    <ClCompile Include="EffHit004_3.cpp">
      <Filter>ソース ファイル</Filter>
    </ClCompile>
    <ClCompile Include="EffHit004_4.cpp">
      <Filter>ソース ファイル</Filter>
    </ClCompile>
    <ClCompile Include="EffHit005.cpp">
      <Filter>ソース ファイル</Filter>
    </ClCompile>
    <ClCompile Include="EffHit006.cpp">
      <Filter>ソース ファイル</Filter>
    </ClCompile>
    <ClCompile Include="EffHit007.cpp">
      <Filter>ソース ファイル</Filter>
    </ClCompile>
    <ClCompile Include="EffHit007_1.cpp">
      <Filter>ソース ファイル</Filter>
    </ClCompile>
    <ClCompile Include="EffHit007_2.cpp">
      <Filter>ソース ファイル</Filter>
    </ClCompile>
    <ClCompile Include="EffHit008.cpp">
      <Filter>ソース ファイル</Filter>
    </ClCompile>
    <ClCompile Include="EffHit009.cpp">
      <Filter>ソース ファイル</Filter>
    </ClCompile>
    <ClCompile Include="EffHit010.cpp">
      <Filter>ソース ファイル</Filter>
    </ClCompile>
    <ClCompile Include="EffHit011.cpp">
      <Filter>ソース ファイル</Filter>
    </ClCompile>
    <ClCompile Include="EffShanaOpt.cpp">
      <Filter>ソース ファイル</Filter>
    </ClCompile>
    <ClCompile Include="EffShanaOptParts.cpp">
      <Filter>ソース ファイル</Filter>
    </ClCompile>
    <ClCompile Include="EffTest.cpp">
      <Filter>ソース ファイル</Filter>
    </ClCompile>
    <ClCompile Include="FileSave.cpp">
      <Filter>ソース ファイル</Filter>
    </ClCompile>
    <ClCompile Include="Game.cpp">
      <Filter>ソース ファイル</Filter>
    </ClCompile>
    <ClCompile Include="LoadWave.cpp">
      <Filter>ソース ファイル</Filter>
    </ClCompile>
    <ClCompile Include="ModeBattle.cpp">
      <Filter>ソース ファイル</Filter>
    </ClCompile>
    <ClCompile Include="ModeCharaSelect.cpp">
      <Filter>ソース ファイル</Filter>
    </ClCompile>
    <ClCompile Include="ModeTitle.cpp">
      <Filter>ソース ファイル</Filter>
    </ClCompile>
    <ClCompile Include="NpcAIShana.cpp">
      <Filter>ソース ファイル</Filter>
    </ClCompile>
    <ClCompile Include="NpcCommand.cpp">
      <Filter>ソース ファイル</Filter>
    </ClCompile>
    <ClCompile Include="ResBattle.cpp">
      <Filter>ソース ファイル</Filter>
    </ClCompile>
    <ClCompile Include="resource.cpp">
      <Filter>ソース ファイル</Filter>
    </ClCompile>
    <ClCompile Include="ResTitle.cpp">
      <Filter>ソース ファイル</Filter>
    </ClCompile>
    <ClCompile Include="ScnBack.cpp">
      <Filter>ソース ファイル</Filter>
    </ClCompile>
    <ClCompile Include="ScnBackMisago.cpp">
      <Filter>ソース ファイル</Filter>
    </ClCompile>
    <ClCompile Include="ScnComboInfo.cpp">
      <Filter>ソース ファイル</Filter>
    </ClCompile>
    <ClCompile Include="ScnHpGauge.cpp">
      <Filter>ソース ファイル</Filter>
    </ClCompile>
    <ClCompile Include="ShanaCommand.cpp">
      <Filter>ソース ファイル</Filter>
    </ClCompile>
    <ClCompile Include="ShanaMain.cpp">
      <Filter>ソース ファイル</Filter>
    </ClCompile>
    <ClCompile Include="ShanaProt.cpp">
      <Filter>ソース ファイル</Filter>
    </ClCompile>
    <ClCompile Include="SpGauge.cpp">
      <Filter>ソース ファイル</Filter>
    </ClCompile>
    <ClCompile Include="SysLogo2.cpp">
      <Filter>ソース ファイル</Filter>
    </ClCompile>
    <ClCompile Include="TestX.cpp">
      <Filter>ソース ファイル</Filter>
    </ClCompile>
    <ClCompile Include="Timer.cpp">
      <Filter>ソース ファイル</Filter>
    </ClCompile>
    <ClCompile Include="TitleFlash.cpp">
      <Filter>ソース ファイル</Filter>
    </ClCompile>
    <ClCompile Include="TitleLogo.cpp">
      <Filter>ソース ファイル</Filter>
    </ClCompile>
    <ClCompile Include="TitleMenu.cpp">
      <Filter>ソース ファイル</Filter>
    </ClCompile>
    <ClCompile Include="TitleModel.cpp">
      <Filter>ソース ファイル</Filter>
    </ClCompile>
    <ClCompile Include="TitlePartB.cpp">
      <Filter>ソース ファイル</Filter>
    </ClCompile>
    <ClCompile Include="TitleRod.cpp">
      <Filter>ソース ファイル</Filter>
    </ClCompile>
    <ClCompile Include="UTL_AttackArea.cpp">
      <Filter>ソース ファイル</Filter>
    </ClCompile>
    <ClCompile Include="UTL_Screen.cpp">
      <Filter>ソース ファイル</Filter>
    </ClCompile>
    <ClCompile Include="UTL_SoundManager.cpp">
      <Filter>ソース ファイル</Filter>
    </ClCompile>
    <ClCompile Include="WilProt.cpp">
      <Filter>ソース ファイル</Filter>
    </ClCompile>
    <ClCompile Include="my_lib\CLIB_Anime.cpp">
      <Filter>MyLib</Filter>
    </ClCompile>
    <ClCompile Include="my_lib\CLIB_Command.cpp">
      <Filter>MyLib</Filter>
    </ClCompile>
    <ClCompile Include="my_lib\CLIB_D3DDraw.cpp">
      <Filter>MyLib</Filter>
    </ClCompile>
    <ClCompile Include="my_lib\CLIB_D3DDraw2.cpp">
      <Filter>MyLib</Filter>
    </ClCompile>
    <ClCompile Include="my_lib\CLIB_D3DDraw3.cpp">
      <Filter>MyLib</Filter>
    </ClCompile>
    <ClCompile Include="my_lib\CLIB_D3DMain.cpp">
      <Filter>MyLib</Filter>
    </ClCompile>
    <ClCompile Include="my_lib\CLIB_DispObj.cpp">
      <Filter>MyLib</Filter>
    </ClCompile>
    <ClCompile Include="my_lib\CLIB_Element.cpp">
      <Filter>MyLib</Filter>
    </ClCompile>
    <ClCompile Include="my_lib\CLIB_FPS.cpp">
      <Filter>MyLib</Filter>
    </ClCompile>
    <ClCompile Include="my_lib\CLIB_Input.cpp">
      <Filter>MyLib</Filter>
    </ClCompile>
    <ClCompile Include="my_lib\CLIB_Mesh.cpp">
      <Filter>MyLib</Filter>
    </ClCompile>
    <ClCompile Include="my_lib\CLIB_Movie.cpp">
      <Filter>MyLib</Filter>
    </ClCompile>
    <ClCompile Include="my_lib\CLIB_Sprite.cpp">
      <Filter>MyLib</Filter>
    </ClCompile>
    <ClCompile Include="my_lib\CLIB_Texture.cpp">
      <Filter>MyLib</Filter>
    </ClCompile>
    <ClCompile Include="my_lib\CLIB_Util.cpp">
      <Filter>MyLib</Filter>
    </ClCompile>
    <ClCompile Include="text_analy\CAI_ACT_Back.cpp">
      <Filter>ai</Filter>
    </ClCompile>
    <ClCompile Include="text_analy\CAI_ACT_Crouch.cpp">
      <Filter>ai</Filter>
    </ClCompile>
    <ClCompile Include="text_analy\CAI_ACT_DushBack.cpp">
      <Filter>ai</Filter>
    </ClCompile>
    <ClCompile Include="text_analy\CAI_ACT_DushForward.cpp">
      <Filter>ai</Filter>
    </ClCompile>
    <ClCompile Include="text_analy\CAI_ACT_Forward.cpp">
      <Filter>ai</Filter>
    </ClCompile>
    <ClCompile Include="text_analy\CAI_ACT_HighAttack.cpp">
      <Filter>ai</Filter>
    </ClCompile>
    <ClCompile Include="text_analy\CAI_ACT_Jump.cpp">
      <Filter>ai</Filter>
    </ClCompile>
    <ClCompile Include="text_analy\CAI_ACT_JumpBack.cpp">
      <Filter>ai</Filter>
    </ClCompile>
    <ClCompile Include="text_analy\CAI_ACT_JumpForward.cpp">
      <Filter>ai</Filter>
    </ClCompile>
    <ClCompile Include="text_analy\CAI_ACT_LowAttack.cpp">
      <Filter>ai</Filter>
    </ClCompile>
    <ClCompile Include="text_analy\CAI_ACT_MidAttack.cpp">
      <Filter>ai</Filter>
    </ClCompile>
    <ClCompile Include="text_analy\CAI_ACT_NotAction.cpp">
      <Filter>ai</Filter>
    </ClCompile>
    <ClCompile Include="text_analy\CAI_ACT_Stop.cpp">
      <Filter>ai</Filter>
    </ClCompile>
    <ClCompile Include="text_analy\CAI_Action.cpp">
      <Filter>ai</Filter>
    </ClCompile>
    <ClCompile Include="text_analy\CAI_Action_Shana.cpp">
      <Filter>ai</Filter>
    </ClCompile>
    <ClCompile Include="text_analy\CAI_Combo.cpp">
      <Filter>ai</Filter>
    </ClCompile>
    <ClCompile Include="text_analy\CAI_Command.cpp">
      <Filter>ai</Filter>
    </ClCompile>
    <ClCompile Include="text_analy\CAI_CommandShana.cpp">
      <Filter>ai</Filter>
    </ClCompile>
    <ClCompile Include="text_analy\CAI_Condition.cpp">
      <Filter>ai</Filter>
    </ClCompile>
    <ClCompile Include="text_analy\CAI_Cost.cpp">
      <Filter>ai</Filter>
    </ClCompile>
    <ClCompile Include="text_analy\CAI_Go.cpp">
      <Filter>ai</Filter>
    </ClCompile>
    <ClCompile Include="text_analy\CAI_Table.cpp">
      <Filter>ai</Filter>
    </ClCompile>
    <ClCompile Include="text_analy\CAI_Table_Shana.cpp">
      <Filter>ai</Filter>
    </ClCompile>
    <ClCompile Include="text_analy\CAI_TRI_And.cpp">
      <Filter>ai</Filter>
    </ClCompile>
    <ClCompile Include="text_analy\CAI_TRI_Equal.cpp">
      <Filter>ai</Filter>
    </ClCompile>
    <ClCompile Include="text_analy\CAI_TRI_Over.cpp">
      <Filter>ai</Filter>
    </ClCompile>
    <ClCompile Include="text_analy\CAI_TRI_Test.cpp">
      <Filter>ai</Filter>
    </ClCompile>
    <ClCompile Include="text_analy\CAI_TRI_Under.cpp">
      <Filter>ai</Filter>
    </ClCompile>
    <ClCompile Include="text_analy\CAI_TRI_Value.cpp">
      <Filter>ai</Filter>
    </ClCompile>
    <ClCompile Include="text_analy\CAI_TRI_Width.cpp">
      <Filter>ai</Filter>
    </ClCompile>
    <ClCompile Include="text_analy\CAI_Trigger.cpp">
      <Filter>ai</Filter>
    </ClCompile>
    <ClCompile Include="text_analy\CAI_Trigger_Shana.cpp">
      <Filter>ai</Filter>
    </ClCompile>
    <ClCompile Include="text_analy\CAITableFactory.cpp">
      <Filter>ai</Filter>
    </ClCompile>
    <ClCompile Include="text_analy\CAITableFactoryShana.cpp">
      <Filter>ai</Filter>
    </ClCompile>
  </ItemGroup>
  <ItemGroup>
    <ClInclude Include="BattleMenu.h">
      <Filter>ヘッダー ファイル</Filter>
    </ClInclude>
    <ClInclude Include="CAI_ACT_Combo.h">
      <Filter>ヘッダー ファイル</Filter>
    </ClInclude>
    <ClInclude Include="CAI_ACT_UsageCombo.h">
      <Filter>ヘッダー ファイル</Filter>
    </ClInclude>
    <ClInclude Include="CChaEndan.h">
      <Filter>ヘッダー ファイル</Filter>
    </ClInclude>
    <ClInclude Include="CChaRibbon.h">
      <Filter>ヘッダー ファイル</Filter>
    </ClInclude>
    <ClInclude Include="CharaSelBack.h">
      <Filter>ヘッダー ファイル</Filter>
    </ClInclude>
    <ClInclude Include="CharaSelCut.h">
      <Filter>ヘッダー ファイル</Filter>
    </ClInclude>
    <ClInclude Include="CharaSelMenu.h">
      <Filter>ヘッダー ファイル</Filter>
    </ClInclude>
    <ClInclude Include="CharaSelPuchi.h">
      <Filter>ヘッダー ファイル</Filter>
    </ClInclude>
    <ClInclude Include="CLIB_Action.h">
      <Filter>ヘッダー ファイル</Filter>
    </ClInclude>
    <ClInclude Include="common.h">
      <Filter>ヘッダー ファイル</Filter>
    </ClInclude>
    <ClInclude Include="CpuPlayer.h">
      <Filter>ヘッダー ファイル</Filter>
    </ClInclude>
    <ClInclude Include="d3dmain.h">
      <Filter>ヘッダー ファイル</Filter>
    </ClInclude>
    <ClInclude Include="DsoundMain.h">
      <Filter>ヘッダー ファイル</Filter>
    </ClInclude>
    <ClInclude Include="EffAction01.h">
      <Filter>ヘッダー ファイル</Filter>
    </ClInclude>
    <ClInclude Include="EffAction02.h">
      <Filter>ヘッダー ファイル</Filter>
    </ClInclude>
    <ClInclude Include="EffAction02_1.h">
      <Filter>ヘッダー ファイル</Filter>
    </ClInclude>
    <ClInclude Include="EffAction02_2.h">
      <Filter>ヘッダー ファイル</Filter>
    </ClInclude>
    <ClInclude Include="EffAction003.h">
      <Filter>ヘッダー ファイル</Filter>
    </ClInclude>
    <ClInclude Include="EffAttack001.h">
      <Filter>ヘッダー ファイル</Filter>
    </ClInclude>
    <ClInclude Include="EffectManager.h">
      <Filter>ヘッダー ファイル</Filter>
    </ClInclude>
    <ClInclude Include="EffGuard001.h">
      <Filter>ヘッダー ファイル</Filter>
    </ClInclude>
    <ClInclude Include="EffHit001.h">
      <Filter>ヘッダー ファイル</Filter>
    </ClInclude>
    <ClInclude Include="EffHit002.h">
      <Filter>ヘッダー ファイル</Filter>
    </ClInclude>
    <ClInclude Include="EffHit003.h">
      <Filter>ヘッダー ファイル</Filter>
    </ClInclude>
    <ClInclude Include="EffHit004.h">
      <Filter>ヘッダー ファイル</Filter>
    </ClInclude>
    <ClInclude Include="EffHit004_1.h">
      <Filter>ヘッダー ファイル</Filter>
    </ClInclude>
    <ClInclude Include="EffHit004_2.h">
      <Filter>ヘッダー ファイル</Filter>
    </ClInclude>
    <ClInclude Include="EffHit004_3.h">
      <Filter>ヘッダー ファイル</Filter>
    </ClInclude>
    <ClInclude Include="EffHit004_4.h">
      <Filter>ヘッダー ファイル</Filter>
    </ClInclude>
    <ClInclude Include="EffHit005.h">
      <Filter>ヘッダー ファイル</Filter>
    </ClInclude>
    <ClInclude Include="EffHit006.h">
      <Filter>ヘッダー ファイル</Filter>
    </ClInclude>
    <ClInclude Include="EffHit007.h">
      <Filter>ヘッダー ファイル</Filter>
    </ClInclude>
    <ClInclude Include="EffHit007_1.h">
      <Filter>ヘッダー ファイル</Filter>
    </ClInclude>
    <ClInclude Include="EffHit007_2.h">
      <Filter>ヘッダー ファイル</Filter>
    </ClInclude>
    <ClInclude Include="EffHit008.h">
      <Filter>ヘッダー ファイル</Filter>
    </ClInclude>
    <ClInclude Include="EffHit009.h">
      <Filter>ヘッダー ファイル</Filter>
    </ClInclude>
    <ClInclude Include="EffHit010.h">
      <Filter>ヘッダー ファイル</Filter>
    </ClInclude>
    <ClInclude Include="EffHit011.h">
      <Filter>ヘッダー ファイル</Filter>
    </ClInclude>
    <ClInclude Include="EffShanaOpt.h">
      <Filter>ヘッダー ファイル</Filter>
    </ClInclude>
    <ClInclude Include="EffShanaOptParts.h">
      <Filter>ヘッダー ファイル</Filter>
    </ClInclude>
    <ClInclude Include="EffTest.h">
      <Filter>ヘッダー ファイル</Filter>
    </ClInclude>
    <ClInclude Include="FileSave.h">
      <Filter>ヘッダー ファイル</Filter>
    </ClInclude>
    <ClInclude Include="FileSaveCommon.h">
      <Filter>ヘッダー ファイル</Filter>
    </ClInclude>
    <ClInclude Include="Game.h">
      <Filter>ヘッダー ファイル</Filter>
    </ClInclude>
    <ClInclude Include="LoadWave.h">
      <Filter>ヘッダー ファイル</Filter>
    </ClInclude>
    <ClInclude Include="ModeBattle.h">
      <Filter>ヘッダー ファイル</Filter>
    </ClInclude>
    <ClInclude Include="ModeCharaSelect.h">
      <Filter>ヘッダー ファイル</Filter>
    </ClInclude>
    <ClInclude Include="ModeTitle.h">
      <Filter>ヘッダー ファイル</Filter>
    </ClInclude>
    <ClInclude Include="NpcAIShana.h">
      <Filter>ヘッダー ファイル</Filter>
    </ClInclude>
    <ClInclude Include="NpcCommand.h">
      <Filter>ヘッダー ファイル</Filter>
    </ClInclude>
    <ClInclude Include="ResBattle.h">
      <Filter>ヘッダー ファイル</Filter>
    </ClInclude>
    <ClInclude Include="ResGame.h">
      <Filter>ヘッダー ファイル</Filter>
    </ClInclude>
    <ClInclude Include="resource.h">
      <Filter>ヘッダー ファイル</Filter>
    </ClInclude>
    <ClInclude Include="ResTitle.h">
      <Filter>ヘッダー ファイル</Filter>
    </ClInclude>
    <ClInclude Include="ScnBack.h">
      <Filter>ヘッダー ファイル</Filter>
    </ClInclude>
    <ClInclude Include="ScnBackMisago.h">
      <Filter>ヘッダー ファイル</Filter>
    </ClInclude>
    <ClInclude Include="ScnComboInfo.h">
      <Filter>ヘッダー ファイル</Filter>
    </ClInclude>
    <ClInclude Include="ScnHpGauge.h">
      <Filter>ヘッダー ファイル</Filter>
    </ClInclude>
    <ClInclude Include="ShanaCommand.h">
      <Filter>ヘッダー ファイル</Filter>
    </ClInclude>
    <ClInclude Include="ShanaMain.h">
      <Filter>ヘッダー ファイル</Filter>
    </ClInclude>
    <ClInclude Include="ShanaProt.h">
      <Filter>ヘッダー ファイル</Filter>
    </ClInclude>
    <ClInclude Include="SpGauge.h">
      <Filter>ヘッダー ファイル</Filter>
    </ClInclude>
    <ClInclude Include="SysLogo2.h">
      <Filter>ヘッダー ファイル</Filter>
    </ClInclude>
    <ClInclude Include="TestX.h">
      <Filter>ヘッダー ファイル</Filter>
    </ClInclude>
    <ClInclude Include="Timer.h">
      <Filter>ヘッダー ファイル</Filter>
    </ClInclude>
    <ClInclude Include="TitleFlash.h">
      <Filter>ヘッダー ファイル</Filter>
    </ClInclude>
    <ClInclude Include="TitleLogo.h">
      <Filter>ヘッダー ファイル</Filter>
    </ClInclude>
    <ClInclude Include="TitleMenu.h">
      <Filter>ヘッダー ファイル</Filter>
    </ClInclude>
    <ClInclude Include="TitleModel.h">
      <Filter>ヘッダー ファイル</Filter>
    </ClInclude>
    <ClInclude Include="TitlePartB.h">
      <Filter>ヘッダー ファイル</Filter>
    </ClInclude>
    <ClInclude Include="TitleRod.h">
      <Filter>ヘッダー ファイル</Filter>
    </ClInclude>
    <ClInclude Include="UTL_AttackArea.h">
      <Filter>ヘッダー ファイル</Filter>
    </ClInclude>
    <ClInclude Include="UTL_Screen.h">
      <Filter>ヘッダー ファイル</Filter>
    </ClInclude>
    <ClInclude Include="UTL_SoundManager.h">
      <Filter>ヘッダー ファイル</Filter>
    </ClInclude>
    <ClInclude Include="WilProt.h">
      <Filter>ヘッダー ファイル</Filter>
    </ClInclude>
    <ClInclude Include="my_lib\CLIB_Anime.h">
      <Filter>MyLib</Filter>
    </ClInclude>
    <ClInclude Include="my_lib\CLIB_Command.h">
      <Filter>MyLib</Filter>
    </ClInclude>
    <ClInclude Include="my_lib\CLIB_D3DDraw.h">
      <Filter>MyLib</Filter>
    </ClInclude>
    <ClInclude Include="my_lib\CLIB_D3DDraw2.h">
      <Filter>MyLib</Filter>
    </ClInclude>
    <ClInclude Include="my_lib\CLIB_D3DDraw3.h">
      <Filter>MyLib</Filter>
    </ClInclude>
    <ClInclude Include="my_lib\CLIB_D3DMain.h">
      <Filter>MyLib</Filter>
    </ClInclude>
    <ClInclude Include="my_lib\CLIB_DispObj.h">
      <Filter>MyLib</Filter>
    </ClInclude>
    <ClInclude Include="my_lib\CLIB_Element.h">
      <Filter>MyLib</Filter>
    </ClInclude>
    <ClInclude Include="my_lib\CLIB_FPS.h">
      <Filter>MyLib</Filter>
    </ClInclude>
    <ClInclude Include="my_lib\CLIB_Input.h">
      <Filter>MyLib</Filter>
    </ClInclude>
    <ClInclude Include="my_lib\CLIB_Mesh.h">
      <Filter>MyLib</Filter>
    </ClInclude>
    <ClInclude Include="my_lib\CLIB_Movie.h">
      <Filter>MyLib</Filter>
    </ClInclude>
    <ClInclude Include="my_lib\CLIB_Sprite.h">
      <Filter>MyLib</Filter>
    </ClInclude>
    <ClInclude Include="my_lib\CLIB_Texture.h">
      <Filter>MyLib</Filter>
    </ClInclude>
    <ClInclude Include="my_lib\CLIB_Util.h">
      <Filter>MyLib</Filter>
    </ClInclude>
    <ClInclude Include="text_analy\CAI_ACT_Back.h">
      <Filter>ai</Filter>
    </ClInclude>
    <ClInclude Include="text_analy\CAI_ACT_Crouch.h">
      <Filter>ai</Filter>
    </ClInclude>
    <ClInclude Include="text_analy\CAI_ACT_DushBack.h">
      <Filter>ai</Filter>
    </ClInclude>
    <ClInclude Include="text_analy\CAI_ACT_DushForward.h">
      <Filter>ai</Filter>
    </ClInclude>
    <ClInclude Include="text_analy\CAI_ACT_Forward.h">
      <Filter>ai</Filter>
    </ClInclude>
    <ClInclude Include="text_analy\CAI_ACT_HighAttack.h">
      <Filter>ai</Filter>
    </ClInclude>
    <ClInclude Include="text_analy\CAI_ACT_Jump.h">
      <Filter>ai</Filter>
    </ClInclude>
    <ClInclude Include="text_analy\CAI_ACT_JumpBack.h">
      <Filter>ai</Filter>
    </ClInclude>
    <ClInclude Include="text_analy\CAI_ACT_JumpForward.h">
      <Filter>ai</Filter>
    </ClInclude>
    <ClInclude Include="text_analy\CAI_ACT_LowAttack.h">
      <Filter>ai</Filter>
    </ClInclude>
    <ClInclude Include="text_analy\CAI_ACT_MidAttack.h">
      <Filter>ai</Filter>
    </ClInclude>
    <ClInclude Include="text_analy\CAI_ACT_NotAction.h">
      <Filter>ai</Filter>
    </ClInclude>
    <ClInclude Include="text_analy\CAI_ACT_Stop.h">
      <Filter>ai</Filter>
    </ClInclude>
    <ClInclude Include="text_analy\CAI_Action.h">
      <Filter>ai</Filter>
    </ClInclude>
    <ClInclude Include="text_analy\CAI_Action_Shana.h">
      <Filter>ai</Filter>
    </ClInclude>
    <ClInclude Include="text_analy\CAI_Combo.h">
      <Filter>ai</Filter>
    </ClInclude>
    <ClInclude Include="text_analy\CAI_Command.h">
      <Filter>ai</Filter>
    </ClInclude>
    <ClInclude Include="text_analy\CAI_CommandShana.h">
      <Filter>ai</Filter>
    </ClInclude>
    <ClInclude Include="text_analy\CAI_Condition.h">
      <Filter>ai</Filter>
    </ClInclude>
    <ClInclude Include="text_analy\CAI_Cost.h">
      <Filter>ai</Filter>
    </ClInclude>
    <ClInclude Include="text_analy\CAI_Go.h">
      <Filter>ai</Filter>
    </ClInclude>
    <ClInclude Include="text_analy\CAI_Table.h">
      <Filter>ai</Filter>
    </ClInclude>
    <ClInclude Include="text_analy\CAI_Table_Shana.h">
      <Filter>ai</Filter>
    </ClInclude>
    <ClInclude Include="text_analy\CAI_TRI_And.h">
      <Filter>ai</Filter>
    </ClInclude>
    <ClInclude Include="text_analy\CAI_TRI_Equal.h">
      <Filter>ai</Filter>
    </ClInclude>
    <ClInclude Include="text_analy\CAI_TRI_Over.h">
      <Filter>ai</Filter>
    </ClInclude>
    <ClInclude Include="text_analy\CAI_TRI_Test.h">
      <Filter>ai</Filter>
    </ClInclude>
    <ClInclude Include="text_analy\CAI_TRI_Under.h">
      <Filter>ai</Filter>
    </ClInclude>
    <ClInclude Include="text_analy\CAI_TRI_Value.h">
      <Filter>ai</Filter>
    </ClInclude>
    <ClInclude Include="text_analy\CAI_TRI_Width.h">
      <Filter>ai</Filter>
    </ClInclude>
    <ClInclude Include="text_analy\CAI_Trigger.h">
      <Filter>ai</Filter>
    </ClInclude>
    <ClInclude Include="text_analy\CAI_Trigger_Shana.h">
      <Filter>ai</Filter>
    </ClInclude>
    <ClInclude Include="text_analy\CAITableFactory.h">
      <Filter>ai</Filter>
    </ClInclude>
    <ClInclude Include="text_analy\CAITableFactoryShana.h">
      <Filter>ai</Filter>
    </ClInclude>
  </ItemGroup>
</Project>